
Microsoft Visual Studio Solution File, Format Version 12.00
# Visual Studio Version 17
VisualStudioVersion = 17.14.36930.0
MinimumVisualStudioVersion = 10.0.40219.1
Project("{FAE04EC0-301F-11D3-BF4B-00C04F79EFBC}") = "RDLCWebAPI", "RDLCWebAPI\RDLCWebAPI.csproj", "{01675A29-7F20-410B-86C5-88353B39EDDB}"
EndProject
Global
	GlobalSection(SolutionConfigurationPlatforms) = preSolution
		Debug|Any CPU = Debug|Any CPU
		Release|Any CPU = Release|Any CPU
	EndGlobalSection
	GlobalSection(ProjectConfigurationPlatforms) = postSolution
		{01675A29-7F20-410B-86C5-88353B39EDDB}.Debug|Any CPU.ActiveCfg = Debug|Any CPU
		{01675A29-7F20-410B-86C5-88353B39EDDB}.Debug|Any CPU.Build.0 = Debug|Any CPU
		{01675A29-7F20-410B-86C5-88353B39EDDB}.Release|Any CPU.ActiveCfg = Release|Any CPU
		{01675A29-7F20-410B-86C5-88353B39EDDB}.Release|Any CPU.Build.0 = Release|Any CPU
	EndGlobalSection
	GlobalSection(SolutionProperties) = preSolution
		HideSolutionNode = FALSE
	EndGlobalSection
	GlobalSection(ExtensibilityGlobals) = postSolution
		SolutionGuid = {53FD9418-E452-4009-9443-29A2369950B5}
	EndGlobalSection
EndGlobal
